<?xml version="1.0" encoding="utf-8"?>
<Project ToolsVersion="4.0" xmlns="http://schemas.microsoft.com/developer/msbuild/2003">
  <ItemGroup>
    <Filter Include="Source Files">
      <UniqueIdentifier>{4FC737F1-C7A5-4376-A066-2A32D752A2FF}</UniqueIdentifier>
      <Extensions>cpp;c;cc;cxx;def;odl;idl;hpj;bat;asm;asmx</Extensions>
    </Filter>
    <Filter Include="Header Files">
      <UniqueIdentifier>{93995380-89BD-4b04-88EB-625FBE52EBFB}</UniqueIdentifier>
      <Extensions>h;hh;hpp;hxx;hm;inl;inc;xsd</Extensions>
    </Filter>
    <Filter Include="Resource Files">
      <UniqueIdentifier>{67DA6AB6-F800-4c08-8B7A-83BB121AAD01}</UniqueIdentifier>
      <Extensions>rc;ico;cur;bmp;dlg;rc2;rct;bin;rgs;gif;jpg;jpeg;jpe;resx;tiff;tif;png;wav;mfcribbon-ms</Extensions>
    </Filter>
    <Filter Include="imgui">
      <UniqueIdentifier>{5ea811c2-942c-45d8-92ea-b6d48a4c7587}</UniqueIdentifier>
    </Filter>
    <Filter Include="Source Files\Components">
      <UniqueIdentifier>{816d0793-0cef-4962-adfc-79e88cd70668}</UniqueIdentifier>
    </Filter>
    <Filter Include="Header Files\Components">
      <UniqueIdentifier>{7e24248c-5ddc-4fbc-8216-98e1593ccd31}</UniqueIdentifier>
    </Filter>
    <Filter Include="Source Files\Patterns">
      <UniqueIdentifier>{9cbbfdba-9862-4402-a786-b95a34e53aed}</UniqueIdentifier>
    </Filter>
    <Filter Include="Header Files\Patterns">
      <UniqueIdentifier>{968044df-6c65-49b8-8199-915573ea1faa}</UniqueIdentifier>
    </Filter>
    <Filter Include="Header Files\Observers">
      <UniqueIdentifier>{869982a7-5518-4c35-b845-dfb1fc75783f}</UniqueIdentifier>
    </Filter>
    <Filter Include="Header Files\Event">
      <UniqueIdentifier>{c0675e3e-64f1-4553-897e-42ecf2e60800}</UniqueIdentifier>
    </Filter>
    <Filter Include="Source Files\Event">
      <UniqueIdentifier>{85dbc8d2-ef22-40b3-b0ce-0258f75da948}</UniqueIdentifier>
    </Filter>
    <Filter Include="Source Files\Observers">
      <UniqueIdentifier>{590be50f-f03d-490c-82e3-c403dce88e2d}</UniqueIdentifier>
    </Filter>
    <Filter Include="Header Files\Scenes">
      <UniqueIdentifier>{e21d04b6-99da-4113-acb9-5179a1b53c99}</UniqueIdentifier>
    </Filter>
    <Filter Include="Header Files\Managers">
      <UniqueIdentifier>{b90bd519-b541-43c6-9410-08c9c09a4966}</UniqueIdentifier>
    </Filter>
    <Filter Include="Source Files\Managers">
      <UniqueIdentifier>{e4b88839-c5d2-4004-a8f5-1f5fcfebf470}</UniqueIdentifier>
    </Filter>
    <Filter Include="Source Files\Scenes">
      <UniqueIdentifier>{93794584-d879-4a21-b262-fe25645184eb}</UniqueIdentifier>
    </Filter>
    <Filter Include="Header Files\Structs_DataTypes">
      <UniqueIdentifier>{01bb7e49-2daf-467b-9a66-be3e82498e13}</UniqueIdentifier>
    </Filter>
  </ItemGroup>
  <ItemGroup>
    <ClInclude Include="MiniginPCH.h">
      <Filter>Header Files</Filter>
    </ClInclude>
    <ClInclude Include="Singleton.h">
      <Filter>Header Files</Filter>
    </ClInclude>
    <ClInclude Include="Renderer.h">
      <Filter>Header Files</Filter>
    </ClInclude>
    <ClInclude Include="Texture2D.h">
      <Filter>Header Files</Filter>
    </ClInclude>
    <ClInclude Include="GameObject.h">
      <Filter>Header Files</Filter>
    </ClInclude>
    <ClInclude Include="SceneObject.h">
      <Filter>Header Files</Filter>
    </ClInclude>
    <ClInclude Include="Font.h">
      <Filter>Header Files</Filter>
    </ClInclude>
    <ClInclude Include="Minigin.h">
      <Filter>Header Files</Filter>
    </ClInclude>
    <ClInclude Include="..\3rdParty\imgui-master\imgui.h">
      <Filter>imgui</Filter>
    </ClInclude>
    <ClInclude Include="..\3rdParty\imgui-master\imgui_internal.h">
      <Filter>imgui</Filter>
    </ClInclude>
    <ClInclude Include="..\3rdParty\imgui-master\imstb_rectpack.h">
      <Filter>imgui</Filter>
    </ClInclude>
    <ClInclude Include="..\3rdParty\imgui-master\imstb_textedit.h">
      <Filter>imgui</Filter>
    </ClInclude>
    <ClInclude Include="..\3rdParty\imgui-master\imstb_truetype.h">
      <Filter>imgui</Filter>
    </ClInclude>
    <ClInclude Include="..\3rdParty\imgui-master\backends\imgui_impl_opengl2.h">
      <Filter>imgui</Filter>
    </ClInclude>
    <ClInclude Include="..\3rdParty\imgui-master\backends\imgui_impl_sdl.h">
      <Filter>imgui</Filter>
    </ClInclude>
    <ClInclude Include="..\3rdParty\imgui-master\imconfig.h">
      <Filter>imgui</Filter>
    </ClInclude>
    <ClInclude Include="..\3rdParty\imgui-master\imgui_plot.h">
      <Filter>Header Files</Filter>
    </ClInclude>
    <ClInclude Include="TrashTheCache.h">
      <Filter>Header Files</Filter>
    </ClInclude>
    <ClInclude Include="..\3rdParty\ImPlot\implot.h">
      <Filter>imgui</Filter>
    </ClInclude>
    <ClInclude Include="..\3rdParty\ImPlot\implot_internal.h">
      <Filter>imgui</Filter>
    </ClInclude>
    <ClInclude Include="BaseComponent.h">
      <Filter>Header Files\Components</Filter>
    </ClInclude>
    <ClInclude Include="FpsComponent.h">
      <Filter>Header Files\Components</Filter>
    </ClInclude>
    <ClInclude Include="TextComponent.h">
      <Filter>Header Files\Components</Filter>
    </ClInclude>
    <ClInclude Include="TextureComponent.h">
      <Filter>Header Files\Components</Filter>
    </ClInclude>
    <ClInclude Include="Observer.h">
      <Filter>Header Files\Patterns</Filter>
    </ClInclude>
    <ClInclude Include="Subject.h">
      <Filter>Header Files\Patterns</Filter>
    </ClInclude>
    <ClInclude Include="EventStructs.h">
      <Filter>Header Files\Event</Filter>
    </ClInclude>
    <ClInclude Include="Achievements.h">
      <Filter>Header Files\Observers</Filter>
    </ClInclude>
    <ClInclude Include="SpriteComponent.h">
      <Filter>Header Files\Components</Filter>
    </ClInclude>
    <ClInclude Include="Animation.h">
      <Filter>Header Files\Components</Filter>
    </ClInclude>
    <ClInclude Include="LevelParser.h">
      <Filter>Header Files</Filter>
    </ClInclude>
    <ClInclude Include="Scene.h">
      <Filter>Header Files\Scenes</Filter>
    </ClInclude>
    <ClInclude Include="SceneManager.h">
      <Filter>Header Files\Managers</Filter>
    </ClInclude>
    <ClInclude Include="ResourceManager.h">
      <Filter>Header Files\Managers</Filter>
    </ClInclude>
    <ClInclude Include="InputManager.h">
      <Filter>Header Files\Managers</Filter>
    </ClInclude>
    <ClInclude Include="Physics.h">
      <Filter>Header Files</Filter>
    </ClInclude>
    <ClInclude Include="Sound.h">
      <Filter>Header Files\Managers</Filter>
    </ClInclude>
    <ClInclude Include="Structs.h">
      <Filter>Header Files\Structs_DataTypes</Filter>
    </ClInclude>
    <ClInclude Include="Transform.h">
      <Filter>Header Files\Structs_DataTypes</Filter>
    </ClInclude>
    <ClInclude Include="Command.h">
      <Filter>Header Files\Patterns</Filter>
    </ClInclude>
  </ItemGroup>
  <ItemGroup>
    <ClCompile Include="MiniginPCH.cpp">
      <Filter>Source Files</Filter>
    </ClCompile>
    <ClCompile Include="Renderer.cpp">
      <Filter>Source Files</Filter>
    </ClCompile>
    <ClCompile Include="Texture2D.cpp">
      <Filter>Source Files</Filter>
    </ClCompile>
    <ClCompile Include="GameObject.cpp">
      <Filter>Source Files</Filter>
    </ClCompile>
    <ClCompile Include="Transform.cpp">
      <Filter>Source Files</Filter>
    </ClCompile>
    <ClCompile Include="Font.cpp">
      <Filter>Source Files</Filter>
    </ClCompile>
    <ClCompile Include="Minigin.cpp">
      <Filter>Source Files</Filter>
    </ClCompile>
    <ClCompile Include="..\3rdParty\imgui-master\imgui_demo.cpp">
      <Filter>imgui</Filter>
    </ClCompile>
    <ClCompile Include="..\3rdParty\imgui-master\imgui_draw.cpp">
      <Filter>imgui</Filter>
    </ClCompile>
    <ClCompile Include="..\3rdParty\imgui-master\imgui_tables.cpp">
      <Filter>imgui</Filter>
    </ClCompile>
    <ClCompile Include="..\3rdParty\imgui-master\imgui_widgets.cpp">
      <Filter>imgui</Filter>
    </ClCompile>
    <ClCompile Include="..\3rdParty\imgui-master\backends\imgui_impl_opengl2.cpp">
      <Filter>imgui</Filter>
    </ClCompile>
    <ClCompile Include="..\3rdParty\imgui-master\backends\imgui_impl_sdl.cpp">
      <Filter>imgui</Filter>
    </ClCompile>
    <ClCompile Include="..\3rdParty\imgui-master\imgui.cpp">
      <Filter>imgui</Filter>
    </ClCompile>
    <ClCompile Include="..\3rdParty\imgui-master\imgui_plot.cpp">
      <Filter>Source Files</Filter>
    </ClCompile>
    <ClCompile Include="TrashTheCache.cpp">
      <Filter>Source Files</Filter>
    </ClCompile>
    <ClCompile Include="..\3rdParty\ImPlot\implot.cpp">
      <Filter>imgui</Filter>
    </ClCompile>
    <ClCompile Include="..\3rdParty\ImPlot\implot_items.cpp">
      <Filter>imgui</Filter>
    </ClCompile>
    <ClCompile Include="FpsComponent.cpp">
      <Filter>Source Files\Components</Filter>
    </ClCompile>
    <ClCompile Include="TextureComponent.cpp">
      <Filter>Source Files\Components</Filter>
    </ClCompile>
    <ClCompile Include="TextComponent.cpp">
      <Filter>Source Files\Components</Filter>
    </ClCompile>
    <ClCompile Include="Observer.cpp">
      <Filter>Source Files\Patterns</Filter>
    </ClCompile>
    <ClCompile Include="Subject.cpp">
      <Filter>Source Files\Patterns</Filter>
    </ClCompile>
    <ClCompile Include="Animation.cpp">
      <Filter>Source Files\Components</Filter>
    </ClCompile>
    <ClCompile Include="SpriteComponent.cpp">
      <Filter>Source Files\Components</Filter>
    </ClCompile>
    <ClCompile Include="ResourceManager.cpp">
      <Filter>Source Files\Managers</Filter>
    </ClCompile>
    <ClCompile Include="SceneManager.cpp">
      <Filter>Source Files\Managers</Filter>
    </ClCompile>
    <ClCompile Include="InputManager.cpp">
      <Filter>Source Files\Managers</Filter>
    </ClCompile>
    <ClCompile Include="Scene.cpp">
      <Filter>Source Files\Scenes</Filter>
    </ClCompile>
    <ClCompile Include="Physics.cpp">
      <Filter>Source Files</Filter>
    </ClCompile>
    <ClCompile Include="Sound.cpp">
      <Filter>Source Files\Managers</Filter>
    </ClCompile>
    <ClCompile Include="RigidBodyComponent.cpp">
      <Filter>Source Files\Components</Filter>
    </ClCompile>
  </ItemGroup>
</Project>